{
  "name": "zk-learning",
  "version": "1.0.0",
  "lockfileVersion": 1,
  "requires": true,
  "dependencies": {
    "@ethersproject/abi": {
      "version": "5.5.0",
      "resolved": "https://registry.npmmirror.com/@ethersproject/abi/download/@ethersproject/abi-5.5.0.tgz",
      "integrity": "sha1-+1KCDiLlC4VP8VzhZHzFCNZmBhM=",
      "requires": {
        "@ethersproject/address": "^5.5.0",
        "@ethersproject/bignumber": "^5.5.0",
        "@ethersproject/bytes": "^5.5.0",
        "@ethersproject/constants": "^5.5.0",
        "@ethersproject/hash": "^5.5.0",
        "@ethersproject/keccak256": "^5.5.0",
        "@ethersproject/logger": "^5.5.0",
        "@ethersproject/properties": "^5.5.0",
        "@ethersproject/strings": "^5.5.0"
      }
    },
    "@ethersproject/abstract-provider": {
      "version": "5.5.1",
      "resolved": "https://registry.npmmirror.com/@ethersproject/abstract-provider/download/@ethersproject/abstract-provider-5.5.1.tgz",
      "integrity": "sha1-Lx9uijq303jYrQtXGEYPhWSXEMU=",
      "requires": {
        "@ethersproject/bignumber": "^5.5.0",
        "@ethersproject/bytes": "^5.5.0",
        "@ethersproject/logger": "^5.5.0",
        "@ethersproject/networks": "^5.5.0",
        "@ethersproject/properties": "^5.5.0",
        "@ethersproject/transactions": "^5.5.0",
        "@ethersproject/web": "^5.5.0"
      }
    },
    "@ethersproject/abstract-signer": {
      "version": "5.5.0",
      "resolved": "https://registry.npmmirror.com/@ethersproject/abstract-signer/download/@ethersproject/abstract-signer-5.5.0.tgz",
      "integrity": "sha1-WQ/2aTNwxgrjdr8cetpZ6yqN0I0=",
      "requires": {
        "@ethersproject/abstract-provider": "^5.5.0",
        "@ethersproject/bignumber": "^5.5.0",
        "@ethersproject/bytes": "^5.5.0",
        "@ethersproject/logger": "^5.5.0",
        "@ethersproject/properties": "^5.5.0"
      }
    },
    "@ethersproject/address": {
      "version": "5.5.0",
      "resolved": "https://registry.npmmirror.com/@ethersproject/address/download/@ethersproject/address-5.5.0.tgz",
      "integrity": "sha1-vMb1dqVT8h8917oXJI+BtHPJx48=",
      "requires": {
        "@ethersproject/bignumber": "^5.5.0",
        "@ethersproject/bytes": "^5.5.0",
        "@ethersproject/keccak256": "^5.5.0",
        "@ethersproject/logger": "^5.5.0",
        "@ethersproject/rlp": "^5.5.0"
      }
    },
    "@ethersproject/base64": {
      "version": "5.5.0",
      "resolved": "https://registry.npmmirror.com/@ethersproject/base64/download/@ethersproject/base64-5.5.0.tgz",
      "integrity": "sha1-iB6FROR+2XaTCDaYbl64+rJZwJA=",
      "requires": {
        "@ethersproject/bytes": "^5.5.0"
      }
    },
    "@ethersproject/basex": {
      "version": "5.5.0",
      "resolved": "https://registry.npmmirror.com/@ethersproject/basex/download/@ethersproject/basex-5.5.0.tgz?cache=0&sync_timestamp=1634693588619&other_urls=https%3A%2F%2Fregistry.npmmirror.com%2F%40ethersproject%2Fbasex%2Fdownload%2F%40ethersproject%2Fbasex-5.5.0.tgz",
      "integrity": "sha1-5ApTrm1rCatNl3vQNwENS+0htNM=",
      "requires": {
        "@ethersproject/bytes": "^5.5.0",
        "@ethersproject/properties": "^5.5.0"
      }
    },
    "@ethersproject/bignumber": {
      "version": "5.5.0",
      "resolved": "https://registry.npmmirror.com/@ethersproject/bignumber/download/@ethersproject/bignumber-5.5.0.tgz",
      "integrity": "sha1-h1sUPwSiFvT4uWJFvelC1C0nlSc=",
      "requires": {
        "@ethersproject/bytes": "^5.5.0",
        "@ethersproject/logger": "^5.5.0",
        "bn.js": "^4.11.9"
      }
    },
    "@ethersproject/bytes": {
      "version": "5.5.0",
      "resolved": "https://registry.npmmirror.com/@ethersproject/bytes/download/@ethersproject/bytes-5.5.0.tgz",
      "integrity": "sha1-yxHFJt5lfntF0uDwJG+zudKaYBw=",
      "requires": {
        "@ethersproject/logger": "^5.5.0"
      }
    },
    "@ethersproject/constants": {
      "version": "5.5.0",
      "resolved": "https://registry.npmmirror.com/@ethersproject/constants/download/@ethersproject/constants-5.5.0.tgz",
      "integrity": "sha1-0qLNfZS9HVg3fR1mxPU8m+TQpF4=",
      "requires": {
        "@ethersproject/bignumber": "^5.5.0"
      }
    },
    "@ethersproject/contracts": {
      "version": "5.5.0",
      "resolved": "https://registry.npmmirror.com/@ethersproject/contracts/download/@ethersproject/contracts-5.5.0.tgz",
      "integrity": "sha1-tzUmDUvWEoOmcKgtUnXio4iSwZc=",
      "requires": {
        "@ethersproject/abi": "^5.5.0",
        "@ethersproject/abstract-provider": "^5.5.0",
        "@ethersproject/abstract-signer": "^5.5.0",
        "@ethersproject/address": "^5.5.0",
        "@ethersproject/bignumber": "^5.5.0",
        "@ethersproject/bytes": "^5.5.0",
        "@ethersproject/constants": "^5.5.0",
        "@ethersproject/logger": "^5.5.0",
        "@ethersproject/properties": "^5.5.0",
        "@ethersproject/transactions": "^5.5.0"
      }
    },
    "@ethersproject/hash": {
      "version": "5.5.0",
      "resolved": "https://registry.npmmirror.com/@ethersproject/hash/download/@ethersproject/hash-5.5.0.tgz",
      "integrity": "sha1-fO520I+I0Yc1dMhJ4CB9yzI4DMk=",
      "requires": {
        "@ethersproject/abstract-signer": "^5.5.0",
        "@ethersproject/address": "^5.5.0",
        "@ethersproject/bignumber": "^5.5.0",
        "@ethersproject/bytes": "^5.5.0",
        "@ethersproject/keccak256": "^5.5.0",
        "@ethersproject/logger": "^5.5.0",
        "@ethersproject/properties": "^5.5.0",
        "@ethersproject/strings": "^5.5.0"
      }
    },
    "@ethersproject/hdnode": {
      "version": "5.5.0",
      "resolved": "https://registry.npmmirror.com/@ethersproject/hdnode/download/@ethersproject/hdnode-5.5.0.tgz",
      "integrity": "sha1-SgTij0HFRvfJeFKOoVdSBqIA3fY=",
      "requires": {
        "@ethersproject/abstract-signer": "^5.5.0",
        "@ethersproject/basex": "^5.5.0",
        "@ethersproject/bignumber": "^5.5.0",
        "@ethersproject/bytes": "^5.5.0",
        "@ethersproject/logger": "^5.5.0",
        "@ethersproject/pbkdf2": "^5.5.0",
        "@ethersproject/properties": "^5.5.0",
        "@ethersproject/sha2": "^5.5.0",
        "@ethersproject/signing-key": "^5.5.0",
        "@ethersproject/strings": "^5.5.0",
        "@ethersproject/transactions": "^5.5.0",
        "@ethersproject/wordlists": "^5.5.0"
      }
    },
    "@ethersproject/json-wallets": {
      "version": "5.5.0",
      "resolved": "https://registry.npmmirror.com/@ethersproject/json-wallets/download/@ethersproject/json-wallets-5.5.0.tgz",
      "integrity": "sha1-3VItQpfhW8zI4UJ9JH7IN2tg4yU=",
      "requires": {
        "@ethersproject/abstract-signer": "^5.5.0",
        "@ethersproject/address": "^5.5.0",
        "@ethersproject/bytes": "^5.5.0",
        "@ethersproject/hdnode": "^5.5.0",
        "@ethersproject/keccak256": "^5.5.0",
        "@ethersproject/logger": "^5.5.0",
        "@ethersproject/pbkdf2": "^5.5.0",
        "@ethersproject/properties": "^5.5.0",
        "@ethersproject/random": "^5.5.0",
        "@ethersproject/strings": "^5.5.0",
        "@ethersproject/transactions": "^5.5.0",
        "aes-js": "3.0.0",
        "scrypt-js": "3.0.1"
      }
    },
    "@ethersproject/keccak256": {
      "version": "5.5.0",
      "resolved": "https://registry.npmmirror.com/@ethersproject/keccak256/download/@ethersproject/keccak256-5.5.0.tgz",
      "integrity": "sha1-5LH513AdqHxWT/4zb4bc7oKYNJI=",
      "requires": {
        "@ethersproject/bytes": "^5.5.0",
        "js-sha3": "0.8.0"
      }
    },
    "@ethersproject/logger": {
      "version": "5.5.0",
      "resolved": "https://registry.npmmirror.com/@ethersproject/logger/download/@ethersproject/logger-5.5.0.tgz",
      "integrity": "sha1-DCyuvv+Y4Qrvpa7yfXRBx/0Yz10="
    },
    "@ethersproject/networks": {
      "version": "5.5.1",
      "resolved": "https://registry.npmmirror.com/@ethersproject/networks/download/@ethersproject/networks-5.5.1.tgz",
      "integrity": "sha512-tYRDM4zZtSUcKnD4UMuAlj7SeXH/k5WC4SP2u1Pn57++JdXHkRu2zwNkgNogZoxHzhm9Q6qqurDBVptHOsW49Q==",
      "requires": {
        "@ethersproject/logger": "^5.5.0"
      }
    },
    "@ethersproject/pbkdf2": {
      "version": "5.5.0",
      "resolved": "https://registry.npmmirror.com/@ethersproject/pbkdf2/download/@ethersproject/pbkdf2-5.5.0.tgz",
      "integrity": "sha1-4lAyzfAvMVBdR6+/nD4ADZXEoFA=",
      "requires": {
        "@ethersproject/bytes": "^5.5.0",
        "@ethersproject/sha2": "^5.5.0"
      }
    },
    "@ethersproject/properties": {
      "version": "5.5.0",
      "resolved": "https://registry.npmmirror.com/@ethersproject/properties/download/@ethersproject/properties-5.5.0.tgz",
      "integrity": "sha1-YfAPK7gzdtIHG6qwIkX5IHDFmZU=",
      "requires": {
        "@ethersproject/logger": "^5.5.0"
      }
    },
    "@ethersproject/providers": {
      "version": "5.5.1",
      "resolved": "https://registry.npmmirror.com/@ethersproject/providers/download/@ethersproject/providers-5.5.1.tgz",
      "integrity": "sha512-2zdD5sltACDWhjUE12Kucg2PcgM6V2q9JMyVvObtVGnzJu+QSmibbP+BHQyLWZUBfLApx2942+7DC5D+n4wBQQ==",
      "requires": {
        "@ethersproject/abstract-provider": "^5.5.0",
        "@ethersproject/abstract-signer": "^5.5.0",
        "@ethersproject/address": "^5.5.0",
        "@ethersproject/basex": "^5.5.0",
        "@ethersproject/bignumber": "^5.5.0",
        "@ethersproject/bytes": "^5.5.0",
        "@ethersproject/constants": "^5.5.0",
        "@ethersproject/hash": "^5.5.0",
        "@ethersproject/logger": "^5.5.0",
        "@ethersproject/networks": "^5.5.0",
        "@ethersproject/properties": "^5.5.0",
        "@ethersproject/random": "^5.5.0",
        "@ethersproject/rlp": "^5.5.0",
        "@ethersproject/sha2": "^5.5.0",
        "@ethersproject/strings": "^5.5.0",
        "@ethersproject/transactions": "^5.5.0",
        "@ethersproject/web": "^5.5.0",
        "bech32": "1.1.4",
        "ws": "7.4.6"
      }
    },
    "@ethersproject/random": {
      "version": "5.5.0",
      "resolved": "https://registry.npmmirror.com/@ethersproject/random/download/@ethersproject/random-5.5.0.tgz",
      "integrity": "sha1-MF7Z4DPKU3c1NlrBLu2IWAsPgfk=",
      "requires": {
        "@ethersproject/bytes": "^5.5.0",
        "@ethersproject/logger": "^5.5.0"
      }
    },
    "@ethersproject/rlp": {
      "version": "5.5.0",
      "resolved": "https://registry.npmmirror.com/@ethersproject/rlp/download/@ethersproject/rlp-5.5.0.tgz",
      "integrity": "sha1-Uw9PYI+cqdT4nCSrldtYq1armaA=",
      "requires": {
        "@ethersproject/bytes": "^5.5.0",
        "@ethersproject/logger": "^5.5.0"
      }
    },
    "@ethersproject/sha2": {
      "version": "5.5.0",
      "resolved": "https://registry.npmmirror.com/@ethersproject/sha2/download/@ethersproject/sha2-5.5.0.tgz",
      "integrity": "sha1-pAoFTGH5j9nu6Zryw8xv9X7CTbc=",
      "requires": {
        "@ethersproject/bytes": "^5.5.0",
        "@ethersproject/logger": "^5.5.0",
        "hash.js": "1.1.7"
      }
    },
    "@ethersproject/signing-key": {
      "version": "5.5.0",
      "resolved": "https://registry.npmmirror.com/@ethersproject/signing-key/download/@ethersproject/signing-key-5.5.0.tgz",
      "integrity": "sha1-KqNxac5+AePoDywUMl9iTCnO2+A=",
      "requires": {
        "@ethersproject/bytes": "^5.5.0",
        "@ethersproject/logger": "^5.5.0",
        "@ethersproject/properties": "^5.5.0",
        "bn.js": "^4.11.9",
        "elliptic": "6.5.4",
        "hash.js": "1.1.7"
      }
    },
    "@ethersproject/solidity": {
      "version": "5.5.0",
      "resolved": "https://registry.npmmirror.com/@ethersproject/solidity/download/@ethersproject/solidity-5.5.0.tgz",
      "integrity": "sha1-JmLrPl2kcbhaIFMeQgBUJ4Ni+T8=",
      "requires": {
        "@ethersproject/bignumber": "^5.5.0",
        "@ethersproject/bytes": "^5.5.0",
        "@ethersproject/keccak256": "^5.5.0",
        "@ethersproject/logger": "^5.5.0",
        "@ethersproject/sha2": "^5.5.0",
        "@ethersproject/strings": "^5.5.0"
      }
    },
    "@ethersproject/strings": {
      "version": "5.5.0",
      "resolved": "https://registry.npmmirror.com/@ethersproject/strings/download/@ethersproject/strings-5.5.0.tgz",
      "integrity": "sha1-5nhNAOxsV3EHVWmQA7x0fpjF1Uk=",
      "requires": {
        "@ethersproject/bytes": "^5.5.0",
        "@ethersproject/constants": "^5.5.0",
        "@ethersproject/logger": "^5.5.0"
      }
    },
    "@ethersproject/transactions": {
      "version": "5.5.0",
      "resolved": "https://registry.npmmirror.com/@ethersproject/transactions/download/@ethersproject/transactions-5.5.0.tgz",
      "integrity": "sha1-fpv3Lpe832nbNP4NWeL0IDx6KQg=",
      "requires": {
        "@ethersproject/address": "^5.5.0",
        "@ethersproject/bignumber": "^5.5.0",
        "@ethersproject/bytes": "^5.5.0",
        "@ethersproject/constants": "^5.5.0",
        "@ethersproject/keccak256": "^5.5.0",
        "@ethersproject/logger": "^5.5.0",
        "@ethersproject/properties": "^5.5.0",
        "@ethersproject/rlp": "^5.5.0",
        "@ethersproject/signing-key": "^5.5.0"
      }
    },
    "@ethersproject/units": {
      "version": "5.5.0",
      "resolved": "https://registry.npmmirror.com/@ethersproject/units/download/@ethersproject/units-5.5.0.tgz",
      "integrity": "sha1-EE0C21tdxCzGcsxFh7r7h6le5F4=",
      "requires": {
        "@ethersproject/bignumber": "^5.5.0",
        "@ethersproject/constants": "^5.5.0",
        "@ethersproject/logger": "^5.5.0"
      }
    },
    "@ethersproject/wallet": {
      "version": "5.5.0",
      "resolved": "https://registry.npmmirror.com/@ethersproject/wallet/download/@ethersproject/wallet-5.5.0.tgz",
      "integrity": "sha1-MioQUnpEDs5ZOYDcphgvF9VOrnU=",
      "requires": {
        "@ethersproject/abstract-provider": "^5.5.0",
        "@ethersproject/abstract-signer": "^5.5.0",
        "@ethersproject/address": "^5.5.0",
        "@ethersproject/bignumber": "^5.5.0",
        "@ethersproject/bytes": "^5.5.0",
        "@ethersproject/hash": "^5.5.0",
        "@ethersproject/hdnode": "^5.5.0",
        "@ethersproject/json-wallets": "^5.5.0",
        "@ethersproject/keccak256": "^5.5.0",
        "@ethersproject/logger": "^5.5.0",
        "@ethersproject/properties": "^5.5.0",
        "@ethersproject/random": "^5.5.0",
        "@ethersproject/signing-key": "^5.5.0",
        "@ethersproject/transactions": "^5.5.0",
        "@ethersproject/wordlists": "^5.5.0"
      }
    },
    "@ethersproject/web": {
      "version": "5.5.1",
      "resolved": "https://registry.npmmirror.com/@ethersproject/web/download/@ethersproject/web-5.5.1.tgz",
      "integrity": "sha512-olvLvc1CB12sREc1ROPSHTdFCdvMh0J5GSJYiQg2D0hdD4QmJDy8QYDb1CvoqD/bF1c++aeKv2sR5uduuG9dQg==",
      "requires": {
        "@ethersproject/base64": "^5.5.0",
        "@ethersproject/bytes": "^5.5.0",
        "@ethersproject/logger": "^5.5.0",
        "@ethersproject/properties": "^5.5.0",
        "@ethersproject/strings": "^5.5.0"
      }
    },
    "@ethersproject/wordlists": {
      "version": "5.5.0",
      "resolved": "https://registry.npmmirror.com/@ethersproject/wordlists/download/@ethersproject/wordlists-5.5.0.tgz",
      "integrity": "sha1-qsdJY6pD5kNjjlFyNT2TGzR9WE8=",
      "requires": {
        "@ethersproject/bytes": "^5.5.0",
        "@ethersproject/hash": "^5.5.0",
        "@ethersproject/logger": "^5.5.0",
        "@ethersproject/properties": "^5.5.0",
        "@ethersproject/strings": "^5.5.0"
      }
    },
    "@types/bn.js": {
      "version": "5.1.0",
      "resolved": "https://registry.npmmirror.com/@types/bn.js/download/@types/bn.js-5.1.0.tgz",
      "integrity": "sha1-MsXScVA6EmU8Ys9NK0Xm6rjOvGg=",
      "requires": {
        "@types/node": "*"
      }
    },
    "@types/node": {
      "version": "16.11.11",
      "resolved": "https://registry.npmmirror.com/@types/node/download/@types/node-16.11.11.tgz",
      "integrity": "sha512-KB0sixD67CeecHC33MYn+eYARkqTheIRNuu97y2XMjR7Wu3XibO1vaY6VBV6O/a89SPI81cEUIYT87UqUWlZNw=="
    },
    "@types/pbkdf2": {
      "version": "3.1.0",
      "resolved": "https://registry.npmmirror.com/@types/pbkdf2/download/@types/pbkdf2-3.1.0.tgz",
      "integrity": "sha1-A5oOm2faDNxO5dq4Zcqmsme7ZrE=",
      "requires": {
        "@types/node": "*"
      }
    },
    "@types/secp256k1": {
      "version": "4.0.3",
      "resolved": "https://registry.npmmirror.com/@types/secp256k1/download/@types/secp256k1-4.0.3.tgz",
      "integrity": "sha1-G45V2OAPCO5yILTVmmq+icN6kBw=",
      "requires": {
        "@types/node": "*"
      }
    },
    "aes-js": {
      "version": "3.0.0",
      "resolved": "https://registry.npm.taobao.org/aes-js/download/aes-js-3.0.0.tgz",
      "integrity": "sha1-4h3xCtbCBTKVvLuNq0Cwnb6ofk0="
    },
    "b4a": {
      "version": "1.3.1",
      "resolved": "https://registry.npmmirror.com/b4a/download/b4a-1.3.1.tgz",
      "integrity": "sha512-ULHjbJGjZcdA5bugDNAAcMA6GWXX/9N10I6AQc14TH+Sr7bMfT+NHuJnOFGPJWLtzYa6Tz+PnFD2D/1bISLLZQ=="
    },
    "base-x": {
      "version": "3.0.9",
      "resolved": "https://registry.npmmirror.com/base-x/download/base-x-3.0.9.tgz",
      "integrity": "sha1-Y0mqq7WFJjMt6fYJleVIpT/iEyA=",
      "requires": {
        "safe-buffer": "^5.0.1"
      }
    },
    "bech32": {
      "version": "1.1.4",
      "resolved": "https://registry.nlark.com/bech32/download/bech32-1.1.4.tgz",
      "integrity": "sha1-44yfN78Xm46xauOncrQMNW1IMuk="
    },
    "big-integer": {
      "version": "1.6.51",
      "resolved": "https://registry.npmmirror.com/big-integer/download/big-integer-1.6.51.tgz?cache=0&sync_timestamp=1636575113308&other_urls=https%3A%2F%2Fregistry.npmmirror.com%2Fbig-integer%2Fdownload%2Fbig-integer-1.6.51.tgz",
      "integrity": "sha512-GPEid2Y9QU1Exl1rpO9B2IPJGHPSupF5GnVIP0blYvNOMer2bTvSWs1jGOUg04hTmu67nmLsQ9TBo1puaotBHg=="
    },
    "bindings": {
      "version": "1.5.0",
      "resolved": "https://registry.nlark.com/bindings/download/bindings-1.5.0.tgz?cache=0&sync_timestamp=1618847035497&other_urls=https%3A%2F%2Fregistry.nlark.com%2Fbindings%2Fdownload%2Fbindings-1.5.0.tgz",
      "integrity": "sha1-EDU8npRTNLwFEabZCzj7x8nFBN8=",
      "requires": {
        "file-uri-to-path": "1.0.0"
      }
    },
    "blake-hash": {
      "version": "2.0.0",
      "resolved": "https://registry.npmmirror.com/blake-hash/download/blake-hash-2.0.0.tgz",
      "integrity": "sha1-rxhNzmQZURJtBbfRw94yJPU41m4=",
      "requires": {
        "node-addon-api": "^3.0.0",
        "node-gyp-build": "^4.2.2",
        "readable-stream": "^3.6.0"
      },
      "dependencies": {
        "node-addon-api": {
          "version": "3.2.1",
          "resolved": "https://registry.nlark.com/node-addon-api/download/node-addon-api-3.2.1.tgz",
          "integrity": "sha1-gTJeCiEXeJwBKNq2Xn448HzroWE="
        }
      }
    },
    "blake2b": {
      "version": "2.1.4",
      "resolved": "https://registry.npmmirror.com/blake2b/download/blake2b-2.1.4.tgz",
      "integrity": "sha512-AyBuuJNI64gIvwx13qiICz6H6hpmjvYS5DGkG6jbXMOT8Z3WUJ3V1X0FlhIoT1b/5JtHE3ki+xjtMvu1nn+t9A==",
      "requires": {
        "blake2b-wasm": "^2.4.0",
        "nanoassert": "^2.0.0"
      }
    },
    "blake2b-wasm": {
      "version": "2.4.0",
      "resolved": "https://registry.npmmirror.com/blake2b-wasm/download/blake2b-wasm-2.4.0.tgz",
      "integrity": "sha512-S1kwmW2ZhZFFFOghcx73+ZajEfKBqhP82JMssxtLVMxlaPea1p9uoLiUZ5WYyHn0KddwbLc+0vh4wR0KBNoT5w==",
      "requires": {
        "b4a": "^1.0.1",
        "nanoassert": "^2.0.0"
      }
    },
    "blakejs": {
      "version": "1.1.1",
      "resolved": "https://registry.nlark.com/blakejs/download/blakejs-1.1.1.tgz",
      "integrity": "sha1-vzEwU5eLLNTERKSHlXEL4Fx4VwI="
    },
    "bn.js": {
      "version": "4.12.0",
      "resolved": "https://registry.npm.taobao.org/bn.js/download/bn.js-4.12.0.tgz",
      "integrity": "sha1-d1s/J477uXGO7HNh9IP7Nvu/6og="
    },
    "brorand": {
      "version": "1.1.0",
      "resolved": "https://registry.nlark.com/brorand/download/brorand-1.1.0.tgz",
      "integrity": "sha1-EsJe/kCkXjwyPrhnWgoM5XsiNx8="
    },
    "browserify-aes": {
      "version": "1.2.0",
      "resolved": "https://registry.nlark.com/browserify-aes/download/browserify-aes-1.2.0.tgz",
      "integrity": "sha1-Mmc0ZC9APavDADIJhTu3CtQo70g=",
      "requires": {
        "buffer-xor": "^1.0.3",
        "cipher-base": "^1.0.0",
        "create-hash": "^1.1.0",
        "evp_bytestokey": "^1.0.3",
        "inherits": "^2.0.1",
        "safe-buffer": "^5.0.1"
      }
    },
    "bs58": {
      "version": "4.0.1",
      "resolved": "https://registry.npm.taobao.org/bs58/download/bs58-4.0.1.tgz",
      "integrity": "sha1-vhYedsNU9veIrkBx9j806MTwpCo=",
      "requires": {
        "base-x": "^3.0.2"
      }
    },
    "bs58check": {
      "version": "2.1.2",
      "resolved": "https://registry.npm.taobao.org/bs58check/download/bs58check-2.1.2.tgz",
      "integrity": "sha1-U7AYKRIo2CpaoI59eW/a/aVK6/w=",
      "requires": {
        "bs58": "^4.0.0",
        "create-hash": "^1.1.0",
        "safe-buffer": "^5.1.2"
      }
    },
    "buffer-xor": {
      "version": "1.0.3",
      "resolved": "https://registry.nlark.com/buffer-xor/download/buffer-xor-1.0.3.tgz",
      "integrity": "sha1-JuYe0UIvtw3ULm42cp7VHYVf6Nk="
    },
    "cipher-base": {
      "version": "1.0.4",
      "resolved": "https://registry.npm.taobao.org/cipher-base/download/cipher-base-1.0.4.tgz",
      "integrity": "sha1-h2Dk7MJy9MNjUy+SbYdKriwTl94=",
      "requires": {
        "inherits": "^2.0.1",
        "safe-buffer": "^5.0.1"
      }
    },
    "circom": {
      "version": "git://github.com/weijiekoh/circomlib.git#24ed08eee0bb613b8c0135d66c1013bd9f78d50a",
      "from": "git://github.com/weijiekoh/circomlib.git#24ed08eee0bb613b8c0135d66c1013bd9f78d50a",
      "requires": {
        "blake-hash": "^1.1.0",
        "blake2b": "^2.1.3",
        "ffjavascript": "0.1.0",
        "web3-utils": "^1.3.0"
      },
      "dependencies": {
        "blake-hash": {
          "version": "1.1.1",
          "resolved": "https://registry.npmmirror.com/blake-hash/download/blake-hash-1.1.1.tgz",
          "integrity": "sha1-tiUWANeBLdUJf5bLNBzq4kW/nRI=",
          "requires": {
            "bindings": "^1.2.1",
            "inherits": "^2.0.3",
            "nan": "^2.2.1"
          }
        },
        "circom": {
          "version": "0.5.45",
          "resolved": "https://registry.npmmirror.com/circom/download/circom-0.5.45.tgz",
          "integrity": "sha1-gpMYgsXTgCLMuL6cSmMU6pS8UR4=",
          "requires": {
            "ffjavascript": "0.2.22",
            "wasmbuilder": "0.0.10"
          },
          "dependencies": {
            "ffjavascript": {
              "version": "0.2.22",
              "resolved": "https://registry.npmmirror.com/ffjavascript/download/ffjavascript-0.2.22.tgz",
              "integrity": "sha1-EB8z2zMLD2oMEN7CLr9XJWGKin0=",
              "requires": {
                "big-integer": "^1.6.48",
                "wasmcurves": "0.0.12"
              }
            }
          }
        },
        "ffjavascript": {
          "version": "0.1.0",
          "resolved": "https://registry.npmmirror.com/ffjavascript/download/ffjavascript-0.1.0.tgz",
          "integrity": "sha1-RWJWwlllTMHOhkxnYrDnbuFxQQA=",
          "requires": {
            "big-integer": "^1.6.48"
          }
        },
        "wasmbuilder": {
          "version": "0.0.10",
          "resolved": "https://registry.npmmirror.com/wasmbuilder/download/wasmbuilder-0.0.10.tgz",
          "integrity": "sha1-uCmLIJXvmXnTLziB0f7vFwXshoo=",
          "requires": {
            "big-integer": "^1.6.48"
          }
        },
        "wasmcurves": {
          "version": "0.0.12",
          "resolved": "https://registry.npmmirror.com/wasmcurves/download/wasmcurves-0.0.12.tgz",
          "integrity": "sha1-FJbiIZrAf5pCD1J4A64TsdeokkY=",
          "requires": {
            "big-integer": "^1.6.42",
            "blakejs": "^1.1.0"
          }
        }
      }
    },
    "circomlib": {
      "version": "2.0.0",
      "resolved": "https://registry.npmmirror.com/circomlib/download/circomlib-2.0.0.tgz",
      "integrity": "sha1-Uc/KKSJeHzfmg3jtQ/Fy1qN2hAk="
    },
    "create-hash": {
      "version": "1.2.0",
      "resolved": "https://registry.nlark.com/create-hash/download/create-hash-1.2.0.tgz",
      "integrity": "sha1-iJB4rxGmN1a8+1m9IhmWvjqe8ZY=",
      "requires": {
        "cipher-base": "^1.0.1",
        "inherits": "^2.0.1",
        "md5.js": "^1.3.4",
        "ripemd160": "^2.0.1",
        "sha.js": "^2.4.0"
      }
    },
    "create-hmac": {
      "version": "1.1.7",
      "resolved": "https://registry.nlark.com/create-hmac/download/create-hmac-1.1.7.tgz",
      "integrity": "sha1-aRcMeLOrlXFHsriwRXLkfq0iQ/8=",
      "requires": {
        "cipher-base": "^1.0.3",
        "create-hash": "^1.1.0",
        "inherits": "^2.0.1",
        "ripemd160": "^2.0.0",
        "safe-buffer": "^5.0.1",
        "sha.js": "^2.4.8"
      }
    },
    "elliptic": {
      "version": "6.5.4",
      "resolved": "https://registry.npm.taobao.org/elliptic/download/elliptic-6.5.4.tgz?cache=0&sync_timestamp=1612290836352&other_urls=https%3A%2F%2Fregistry.npm.taobao.org%2Felliptic%2Fdownload%2Felliptic-6.5.4.tgz",
      "integrity": "sha1-2jfOvTHnmhNn6UG1ku0fvr1Yq7s=",
      "requires": {
        "bn.js": "^4.11.9",
        "brorand": "^1.1.0",
        "hash.js": "^1.0.0",
        "hmac-drbg": "^1.0.1",
        "inherits": "^2.0.4",
        "minimalistic-assert": "^1.0.1",
        "minimalistic-crypto-utils": "^1.0.1"
      }
    },
    "ethereum-bloom-filters": {
      "version": "1.0.10",
      "resolved": "https://registry.nlark.com/ethereum-bloom-filters/download/ethereum-bloom-filters-1.0.10.tgz",
      "integrity": "sha1-PKB/Su1pjnW9E0WEhQJgJGpf7Yo=",
      "requires": {
        "js-sha3": "^0.8.0"
      }
    },
    "ethereum-cryptography": {
      "version": "0.1.3",
      "resolved": "https://registry.npmmirror.com/ethereum-cryptography/download/ethereum-cryptography-0.1.3.tgz",
      "integrity": "sha1-jWFDz8PXS/ebvY7ezfKeSuIN0ZE=",
      "requires": {
        "@types/pbkdf2": "^3.0.0",
        "@types/secp256k1": "^4.0.1",
        "blakejs": "^1.1.0",
        "browserify-aes": "^1.2.0",
        "bs58check": "^2.1.2",
        "create-hash": "^1.2.0",
        "create-hmac": "^1.1.7",
        "hash.js": "^1.1.7",
        "keccak": "^3.0.0",
        "pbkdf2": "^3.0.17",
        "randombytes": "^2.1.0",
        "safe-buffer": "^5.1.2",
        "scrypt-js": "^3.0.0",
        "secp256k1": "^4.0.1",
        "setimmediate": "^1.0.5"
      }
    },
    "ethereumjs-util": {
      "version": "7.1.3",
      "resolved": "https://registry.npmmirror.com/ethereumjs-util/download/ethereumjs-util-7.1.3.tgz",
      "integrity": "sha1-tV17ZN3j4+RXSeTEEogjjt7DLSM=",
      "requires": {
        "@types/bn.js": "^5.1.0",
        "bn.js": "^5.1.2",
        "create-hash": "^1.1.2",
        "ethereum-cryptography": "^0.1.3",
        "rlp": "^2.2.4"
      },
      "dependencies": {
        "bn.js": {
          "version": "5.2.0",
          "resolved": "https://registry.npm.taobao.org/bn.js/download/bn.js-5.2.0.tgz",
          "integrity": "sha1-NYhgZ0OWxpl3canQUfzBtX1K4AI="
        }
      }
    },
    "ethers": {
      "version": "5.5.2",
      "resolved": "https://registry.npmmirror.com/ethers/download/ethers-5.5.2.tgz",
      "integrity": "sha512-EF5W+6Wwcu6BqVwpgmyR5U2+L4c1FQzlM/02dkZOugN3KF0cG9bzHZP+TDJglmPm2/IzCEJDT7KBxzayk7SAHw==",
      "requires": {
        "@ethersproject/abi": "5.5.0",
        "@ethersproject/abstract-provider": "5.5.1",
        "@ethersproject/abstract-signer": "5.5.0",
        "@ethersproject/address": "5.5.0",
        "@ethersproject/base64": "5.5.0",
        "@ethersproject/basex": "5.5.0",
        "@ethersproject/bignumber": "5.5.0",
        "@ethersproject/bytes": "5.5.0",
        "@ethersproject/constants": "5.5.0",
        "@ethersproject/contracts": "5.5.0",
        "@ethersproject/hash": "5.5.0",
        "@ethersproject/hdnode": "5.5.0",
        "@ethersproject/json-wallets": "5.5.0",
        "@ethersproject/keccak256": "5.5.0",
        "@ethersproject/logger": "5.5.0",
        "@ethersproject/networks": "5.5.1",
        "@ethersproject/pbkdf2": "5.5.0",
        "@ethersproject/properties": "5.5.0",
        "@ethersproject/providers": "5.5.1",
        "@ethersproject/random": "5.5.0",
        "@ethersproject/rlp": "5.5.0",
        "@ethersproject/sha2": "5.5.0",
        "@ethersproject/signing-key": "5.5.0",
        "@ethersproject/solidity": "5.5.0",
        "@ethersproject/strings": "5.5.0",
        "@ethersproject/transactions": "5.5.0",
        "@ethersproject/units": "5.5.0",
        "@ethersproject/wallet": "5.5.0",
        "@ethersproject/web": "5.5.1",
        "@ethersproject/wordlists": "5.5.0"
      }
    },
    "ethjs-unit": {
      "version": "0.1.6",
      "resolved": "https://registry.npm.taobao.org/ethjs-unit/download/ethjs-unit-0.1.6.tgz",
      "integrity": "sha1-xmWSHkduh7ziqdWIpv4EBbLEFpk=",
      "requires": {
        "bn.js": "4.11.6",
        "number-to-bn": "1.7.0"
      },
      "dependencies": {
        "bn.js": {
          "version": "4.11.6",
          "resolved": "https://registry.npm.taobao.org/bn.js/download/bn.js-4.11.6.tgz",
          "integrity": "sha1-UzRK2xRhehP26N0s4okF0cC6MhU="
        }
      }
    },
    "evp_bytestokey": {
      "version": "1.0.3",
      "resolved": "https://registry.nlark.com/evp_bytestokey/download/evp_bytestokey-1.0.3.tgz",
      "integrity": "sha1-f8vbGY3HGVlDLv4ThCaE4FJaywI=",
      "requires": {
        "md5.js": "^1.3.4",
        "safe-buffer": "^5.1.1"
      }
    },
    "ffjavascript": {
      "version": "0.2.46",
      "resolved": "https://registry.npmmirror.com/ffjavascript/download/ffjavascript-0.2.46.tgz",
      "integrity": "sha512-UUjkb2BMTrYGzD2jrurgLzOXZ2ZWQyRjj0GImiGp7wlOCJx4mZqIqSJbq6q5g2U9Jrmx26zjxiNQ/BsukPqS2Q==",
      "requires": {
        "big-integer": "^1.6.48",
        "wasmbuilder": "^0.0.11",
        "wasmcurves": "0.1.0",
        "web-worker": "^1.2.0"
      }
    },
    "file-uri-to-path": {
      "version": "1.0.0",
      "resolved": "https://registry.npm.taobao.org/file-uri-to-path/download/file-uri-to-path-1.0.0.tgz",
      "integrity": "sha1-VTp7hEb/b2hDWcRF8eN6BdrMM90="
    },
    "hash-base": {
      "version": "3.1.0",
      "resolved": "https://registry.npm.taobao.org/hash-base/download/hash-base-3.1.0.tgz",
      "integrity": "sha1-VcOB2eBuHSmXqIO0o/3f5/DTrzM=",
      "requires": {
        "inherits": "^2.0.4",
        "readable-stream": "^3.6.0",
        "safe-buffer": "^5.2.0"
      }
    },
    "hash.js": {
      "version": "1.1.7",
      "resolved": "https://registry.npm.taobao.org/hash.js/download/hash.js-1.1.7.tgz",
      "integrity": "sha1-C6vKU46NTuSg+JiNaIZlN6ADz0I=",
      "requires": {
        "inherits": "^2.0.3",
        "minimalistic-assert": "^1.0.1"
      }
    },
    "hmac-drbg": {
      "version": "1.0.1",
      "resolved": "https://registry.nlark.com/hmac-drbg/download/hmac-drbg-1.0.1.tgz",
      "integrity": "sha1-0nRXAQJabHdabFRXk+1QL8DGSaE=",
      "requires": {
        "hash.js": "^1.0.3",
        "minimalistic-assert": "^1.0.0",
        "minimalistic-crypto-utils": "^1.0.1"
      }
    },
    "inherits": {
      "version": "2.0.4",
      "resolved": "https://registry.npm.taobao.org/inherits/download/inherits-2.0.4.tgz",
      "integrity": "sha1-D6LGT5MpF8NDOg3tVTY6rjdBa3w="
    },
    "is-hex-prefixed": {
      "version": "1.0.0",
      "resolved": "https://registry.npm.taobao.org/is-hex-prefixed/download/is-hex-prefixed-1.0.0.tgz",
      "integrity": "sha1-fY035q135dEnFIkTxXPggtd39VQ="
    },
    "js-sha3": {
      "version": "0.8.0",
      "resolved": "https://registry.npm.taobao.org/js-sha3/download/js-sha3-0.8.0.tgz",
      "integrity": "sha1-ubel2nOvrX3t0PjEY5VMveaBiEA="
    },
    "keccak": {
      "version": "3.0.2",
      "resolved": "https://registry.nlark.com/keccak/download/keccak-3.0.2.tgz",
      "integrity": "sha1-TCxujFTgTyZw7kn6c0652hUiBuA=",
      "requires": {
        "node-addon-api": "^2.0.0",
        "node-gyp-build": "^4.2.0",
        "readable-stream": "^3.6.0"
      }
    },
    "md5.js": {
      "version": "1.3.5",
      "resolved": "https://registry.nlark.com/md5.js/download/md5.js-1.3.5.tgz",
      "integrity": "sha1-tdB7jjIW4+J81yjXL3DR5qNCAF8=",
      "requires": {
        "hash-base": "^3.0.0",
        "inherits": "^2.0.1",
        "safe-buffer": "^5.1.2"
      }
    },
    "minimalistic-assert": {
      "version": "1.0.1",
      "resolved": "https://registry.npm.taobao.org/minimalistic-assert/download/minimalistic-assert-1.0.1.tgz",
      "integrity": "sha1-LhlN4ERibUoQ5/f7wAznPoPk1cc="
    },
    "minimalistic-crypto-utils": {
      "version": "1.0.1",
      "resolved": "https://registry.npm.taobao.org/minimalistic-crypto-utils/download/minimalistic-crypto-utils-1.0.1.tgz",
      "integrity": "sha1-9sAMHAsIIkblxNmd+4x8CDsrWCo="
    },
    "nan": {
      "version": "2.15.0",
      "resolved": "https://registry.nlark.com/nan/download/nan-2.15.0.tgz",
      "integrity": "sha1-PzSkc/8Y4VwbVia2KQO1rW5mX+4="
    },
    "nanoassert": {
      "version": "2.0.0",
      "resolved": "https://registry.npm.taobao.org/nanoassert/download/nanoassert-2.0.0.tgz",
      "integrity": "sha1-oF+G3mx6UWGAOKYg+Ih47R5JDAk="
    },
    "node-addon-api": {
      "version": "2.0.2",
      "resolved": "https://registry.nlark.com/node-addon-api/download/node-addon-api-2.0.2.tgz",
      "integrity": "sha1-Qyz6gpYs5JSxMunXKhWyn3H/XTI="
    },
    "node-gyp-build": {
      "version": "4.3.0",
      "resolved": "https://registry.nlark.com/node-gyp-build/download/node-gyp-build-4.3.0.tgz?cache=0&sync_timestamp=1631436711963&other_urls=https%3A%2F%2Fregistry.nlark.com%2Fnode-gyp-build%2Fdownload%2Fnode-gyp-build-4.3.0.tgz",
      "integrity": "sha1-nyVrA+WCYVC+Ocdkv1Hpk5RtcaM="
    },
    "number-to-bn": {
      "version": "1.7.0",
      "resolved": "https://registry.nlark.com/number-to-bn/download/number-to-bn-1.7.0.tgz",
      "integrity": "sha1-uzYjWS9+X54AMLGXe9QaDFP+HqA=",
      "requires": {
        "bn.js": "4.11.6",
        "strip-hex-prefix": "1.0.0"
      },
      "dependencies": {
        "bn.js": {
          "version": "4.11.6",
          "resolved": "https://registry.npm.taobao.org/bn.js/download/bn.js-4.11.6.tgz",
          "integrity": "sha1-UzRK2xRhehP26N0s4okF0cC6MhU="
        }
      }
    },
    "pbkdf2": {
      "version": "3.1.2",
      "resolved": "https://registry.nlark.com/pbkdf2/download/pbkdf2-3.1.2.tgz",
      "integrity": "sha1-3YIqoIh1gOUvGgOdw+2hCO+uMHU=",
      "requires": {
        "create-hash": "^1.1.2",
        "create-hmac": "^1.1.4",
        "ripemd160": "^2.0.1",
        "safe-buffer": "^5.0.1",
        "sha.js": "^2.4.8"
      }
    },
    "randombytes": {
      "version": "2.1.0",
      "resolved": "https://registry.npm.taobao.org/randombytes/download/randombytes-2.1.0.tgz",
      "integrity": "sha1-32+ENy8CcNxlzfYpE0mrekc9Tyo=",
      "requires": {
        "safe-buffer": "^5.1.0"
      }
    },
    "readable-stream": {
      "version": "3.6.0",
      "resolved": "https://registry.nlark.com/readable-stream/download/readable-stream-3.6.0.tgz",
      "integrity": "sha1-M3u9o63AcGvT4CRCaihtS0sskZg=",
      "requires": {
        "inherits": "^2.0.3",
        "string_decoder": "^1.1.1",
        "util-deprecate": "^1.0.1"
      }
    },
    "ripemd160": {
      "version": "2.0.2",
      "resolved": "https://registry.npm.taobao.org/ripemd160/download/ripemd160-2.0.2.tgz",
      "integrity": "sha1-ocGm9iR1FXe6XQeRTLyShQWFiQw=",
      "requires": {
        "hash-base": "^3.0.0",
        "inherits": "^2.0.1"
      }
    },
    "rlp": {
      "version": "2.2.7",
      "resolved": "https://registry.npmmirror.com/rlp/download/rlp-2.2.7.tgz",
      "integrity": "sha1-M/McSvrIESSsSyg+K9TZcgswvq8=",
      "requires": {
        "bn.js": "^5.2.0"
      },
      "dependencies": {
        "bn.js": {
          "version": "5.2.0",
          "resolved": "https://registry.npm.taobao.org/bn.js/download/bn.js-5.2.0.tgz",
          "integrity": "sha1-NYhgZ0OWxpl3canQUfzBtX1K4AI="
        }
      }
    },
    "safe-buffer": {
      "version": "5.2.1",
      "resolved": "https://registry.npm.taobao.org/safe-buffer/download/safe-buffer-5.2.1.tgz",
      "integrity": "sha1-Hq+fqb2x/dTsdfWPnNtOa3gn7sY="
    },
    "scrypt-js": {
      "version": "3.0.1",
      "resolved": "https://registry.npm.taobao.org/scrypt-js/download/scrypt-js-3.0.1.tgz",
      "integrity": "sha1-0xSlfCrvadGtmKE4oh/p6vqe4xI="
    },
    "secp256k1": {
      "version": "4.0.2",
      "resolved": "https://registry.npm.taobao.org/secp256k1/download/secp256k1-4.0.2.tgz",
      "integrity": "sha1-Fd1X0PC5/bVKwfoWlPQOXppU9KE=",
      "requires": {
        "elliptic": "^6.5.2",
        "node-addon-api": "^2.0.0",
        "node-gyp-build": "^4.2.0"
      }
    },
    "setimmediate": {
      "version": "1.0.5",
      "resolved": "https://registry.npm.taobao.org/setimmediate/download/setimmediate-1.0.5.tgz",
      "integrity": "sha1-KQy7Iy4waULX1+qbg3Mqt4VvgoU="
    },
    "sha.js": {
      "version": "2.4.11",
      "resolved": "https://registry.npm.taobao.org/sha.js/download/sha.js-2.4.11.tgz",
      "integrity": "sha1-N6XPC4HsvGlD3hCbopYNGyZYSuc=",
      "requires": {
        "inherits": "^2.0.1",
        "safe-buffer": "^5.0.1"
      }
    },
    "string_decoder": {
      "version": "1.3.0",
      "resolved": "https://registry.nlark.com/string_decoder/download/string_decoder-1.3.0.tgz",
      "integrity": "sha1-QvEUWUpGzxqOMLCoT1bHjD7awh4=",
      "requires": {
        "safe-buffer": "~5.2.0"
      }
    },
    "strip-hex-prefix": {
      "version": "1.0.0",
      "resolved": "https://registry.npm.taobao.org/strip-hex-prefix/download/strip-hex-prefix-1.0.0.tgz",
      "integrity": "sha1-DF8VX+8RUTczd96du1iNoFUA428=",
      "requires": {
        "is-hex-prefixed": "1.0.0"
      }
    },
    "utf8": {
      "version": "3.0.0",
      "resolved": "https://registry.npmmirror.com/utf8/download/utf8-3.0.0.tgz",
      "integrity": "sha1-8FLu0TZNaW52nvBYsYPfiMh/adE="
    },
    "util-deprecate": {
      "version": "1.0.2",
      "resolved": "https://registry.nlark.com/util-deprecate/download/util-deprecate-1.0.2.tgz",
      "integrity": "sha1-RQ1Nyfpw3nMnYvvS1KKJgUGaDM8="
    },
    "wasmbuilder": {
      "version": "0.0.11",
      "resolved": "https://registry.npmmirror.com/wasmbuilder/download/wasmbuilder-0.0.11.tgz",
      "integrity": "sha1-97YhZgiDvkH4Un0Cd5iirvuIY8A=",
      "requires": {
        "big-integer": "^1.6.48"
      }
    },
    "wasmcurves": {
      "version": "0.1.0",
      "resolved": "https://registry.npmmirror.com/wasmcurves/download/wasmcurves-0.1.0.tgz",
      "integrity": "sha512-kIlcgbVUAv2uQ6lGsepGz/m5V40+Z6rvTBkqCYn3Y2+OcXst+UaP4filJYLh/xDxjJl62FFjZZeAnpeli1Y5/Q==",
      "requires": {
        "big-integer": "^1.6.42",
        "blakejs": "^1.1.0"
      }
    },
    "web-worker": {
      "version": "1.2.0",
      "resolved": "https://registry.npmmirror.com/web-worker/download/web-worker-1.2.0.tgz?cache=0&sync_timestamp=1636076328275&other_urls=https%3A%2F%2Fregistry.npmmirror.com%2Fweb-worker%2Fdownload%2Fweb-worker-1.2.0.tgz",
      "integrity": "sha1-XYWgSn+8Hn21j2ZZXXo6x8nBgNo="
    },
    "web3-utils": {
      "version": "1.6.1",
      "resolved": "https://registry.npmmirror.com/web3-utils/download/web3-utils-1.6.1.tgz",
      "integrity": "sha512-RidGKv5kOkcerI6jQqDFDoTllQQqV+rPhTzZHhmbqtFObbYpU93uc+yG1LHivRTQhA6llIx67iudc/vzisgO+w==",
      "requires": {
        "bn.js": "^4.11.9",
        "ethereum-bloom-filters": "^1.0.6",
        "ethereumjs-util": "^7.1.0",
        "ethjs-unit": "0.1.6",
        "number-to-bn": "1.7.0",
        "randombytes": "^2.1.0",
        "utf8": "3.0.0"
      }
    },
    "ws": {
      "version": "7.4.6",
      "resolved": "https://registry.npmmirror.com/ws/download/ws-7.4.6.tgz",
      "integrity": "sha1-VlTKjs3u5HwzqaS/bSjivimAN3w="
    }
  }
}
